
Microsoft Visual Studio Solution File, Format Version 12.00
# Visual Studio Version 17
VisualStudioVersion = 17.4.33110.190
MinimumVisualStudioVersion = 10.0.40219.1
Project("{9A19103F-16F7-4668-BE54-9A1E7A4F7556}") = "BankApplication", "BankApplication\BankApplication.csproj", "{0D0CEBC9-9B56-4AC6-97F3-D308345D8DB4}"
EndProject
Project("{FAE04EC0-301F-11D3-BF4B-00C04F79EFBC}") = "BankApplicationServices", "BankApplicationServices\BankApplicationServices.csproj", "{CCEA1121-FAB7-484C-99B1-6A5B463217C7}"
EndProject
Project("{FAE04EC0-301F-11D3-BF4B-00C04F79EFBC}") = "Models", "Models\Models.csproj", "{FEB05591-E8F1-45A0-9485-91F56D29E275}"
EndProject
Global
	GlobalSection(SolutionConfigurationPlatforms) = preSolution
		Debug|Any CPU = Debug|Any CPU
		Release|Any CPU = Release|Any CPU
	EndGlobalSection
	GlobalSection(ProjectConfigurationPlatforms) = postSolution
		{0D0CEBC9-9B56-4AC6-97F3-D308345D8DB4}.Debug|Any CPU.ActiveCfg = Debug|Any CPU
		{0D0CEBC9-9B56-4AC6-97F3-D308345D8DB4}.Debug|Any CPU.Build.0 = Debug|Any CPU
		{0D0CEBC9-9B56-4AC6-97F3-D308345D8DB4}.Release|Any CPU.ActiveCfg = Release|Any CPU
		{0D0CEBC9-9B56-4AC6-97F3-D308345D8DB4}.Release|Any CPU.Build.0 = Release|Any CPU
		{CCEA1121-FAB7-484C-99B1-6A5B463217C7}.Debug|Any CPU.ActiveCfg = Debug|Any CPU
		{CCEA1121-FAB7-484C-99B1-6A5B463217C7}.Debug|Any CPU.Build.0 = Debug|Any CPU
		{CCEA1121-FAB7-484C-99B1-6A5B463217C7}.Release|Any CPU.ActiveCfg = Release|Any CPU
		{CCEA1121-FAB7-484C-99B1-6A5B463217C7}.Release|Any CPU.Build.0 = Release|Any CPU
		{FEB05591-E8F1-45A0-9485-91F56D29E275}.Debug|Any CPU.ActiveCfg = Debug|Any CPU
		{FEB05591-E8F1-45A0-9485-91F56D29E275}.Debug|Any CPU.Build.0 = Debug|Any CPU
		{FEB05591-E8F1-45A0-9485-91F56D29E275}.Release|Any CPU.ActiveCfg = Release|Any CPU
		{FEB05591-E8F1-45A0-9485-91F56D29E275}.Release|Any CPU.Build.0 = Release|Any CPU
	EndGlobalSection
	GlobalSection(SolutionProperties) = preSolution
		HideSolutionNode = FALSE
	EndGlobalSection
	GlobalSection(ExtensibilityGlobals) = postSolution
		SolutionGuid = {5700852D-29FC-4865-BD43-F7AB34D3C063}
	EndGlobalSection
EndGlobal
